// !$*UTF8*$!
{
	archiveVersion = 1;
	classes = {
	};
	objectVersion = 77;
	objects = {

/* Begin PBXContainerItemProxy section */
		50664DB12CA4F69A00DF8049 /* PBXContainerItemProxy */ = {
			isa = PBXContainerItemProxy;
			containerPortal = 50664D972CA4F69800DF8049 /* Project object */;
			proxyType = 1;
			remoteGlobalIDString = 50664D9E2CA4F69800DF8049;
			remoteInfo = DevBox;
		};
		50664DBB2CA4F69A00DF8049 /* PBXContainerItemProxy */ = {
			isa = PBXContainerItemProxy;
			containerPortal = 50664D972CA4F69800DF8049 /* Project object */;
			proxyType = 1;
			remoteGlobalIDString = 50664D9E2CA4F69800DF8049;
			remoteInfo = DevBox;
		};
/* End PBXContainerItemProxy section */

/* Begin PBXFileReference section */
		50664D9F2CA4F69800DF8049 /* DevBox.app */ = {isa = PBXFileReference; explicitFileType = wrapper.application; includeInIndex = 0; path = DevBox.app; sourceTree = BUILT_PRODUCTS_DIR; };
		50664DB02CA4F69A00DF8049 /* DevBoxTests.xctest */ = {isa = PBXFileReference; explicitFileType = wrapper.cfbundle; includeInIndex = 0; path = DevBoxTests.xctest; sourceTree = BUILT_PRODUCTS_DIR; };
		50664DBA2CA4F69A00DF8049 /* DevBoxUITests.xctest */ = {isa = PBXFileReference; explicitFileType = wrapper.cfbundle; includeInIndex = 0; path = DevBoxUITests.xctest; sourceTree = BUILT_PRODUCTS_DIR; };
/* End PBXFileReference section */

/* Begin PBXFileSystemSynchronizedRootGroup section */
		50664DA12CA4F69800DF8049 /* DevBox */ = {
			isa = PBXFileSystemSynchronizedRootGroup;
			path = DevBox;
			sourceTree = "<group>";
		};
		50664DB32CA4F69A00DF8049 /* DevBoxTests */ = {
			isa = PBXFileSystemSynchronizedRootGroup;
			path = DevBoxTests;
			sourceTree = "<group>";
		};
		50664DBD2CA4F69A00DF8049 /* DevBoxUITests */ = {
			isa = PBXFileSystemSynchronizedRootGroup;
			path = DevBoxUITests;
			sourceTree = "<group>";
		};
/* End PBXFileSystemSynchronizedRootGroup section */

/* Begin PBXFrameworksBuildPhase section */
		50664D9C2CA4F69800DF8049 /* Frameworks */ = {
			isa = PBXFrameworksBuildPhase;
			buildActionMask = 2147483647;
			files = (
			);
			runOnlyForDeploymentPostprocessing = 0;
		};
		50664DAD2CA4F69A00DF8049 /* Frameworks */ = {
			isa = PBXFrameworksBuildPhase;
			buildActionMask = 2147483647;
			files = (
			);
			runOnlyForDeploymentPostprocessing = 0;
		};
		50664DB72CA4F69A00DF8049 /* Frameworks */ = {
			isa = PBXFrameworksBuildPhase;
			buildActionMask = 2147483647;
			files = (
			);
			runOnlyForDeploymentPostprocessing = 0;
		};
/* End PBXFrameworksBuildPhase section */

/* Begin PBXGroup section */
		50664D962CA4F69800DF8049 = {
			isa = PBXGroup;
			children = (
				50664DA12CA4F69800DF8049 /* DevBox */,
				50664DB32CA4F69A00DF8049 /* DevBoxTests */,
				50664DBD2CA4F69A00DF8049 /* DevBoxUITests */,
				50664DA02CA4F69800DF8049 /* Products */,
			);
			sourceTree = "<group>";
		};
		50664DA02CA4F69800DF8049 /* Products */ = {
			isa = PBXGroup;
			children = (
				50664D9F2CA4F69800DF8049 /* DevBox.app */,
				50664DB02CA4F69A00DF8049 /* DevBoxTests.xctest */,
				50664DBA2CA4F69A00DF8049 /* DevBoxUITests.xctest */,
			);
			name = Products;
			sourceTree = "<group>";
		};
/* End PBXGroup section */

/* Begin PBXNativeTarget section */
		50664D9E2CA4F69800DF8049 /* DevBox */ = {
			isa = PBXNativeTarget;
			buildConfigurationList = 50664DC42CA4F69A00DF8049 /* Build configuration list for PBXNativeTarget "DevBox" */;
			buildPhases = (
				50664D9B2CA4F69800DF8049 /* Sources */,
				50664D9C2CA4F69800DF8049 /* Frameworks */,
				50664D9D2CA4F69800DF8049 /* Resources */,
			);
			buildRules = (
			);
			dependencies = (
			);
			fileSystemSynchronizedGroups = (
				50664DA12CA4F69800DF8049 /* DevBox */,
			);
			name = DevBox;
			packageProductDependencies = (
			);
			productName = DevBox;
			productReference = 50664D9F2CA4F69800DF8049 /* DevBox.app */;
			productType = "com.apple.product-type.application";
		};
		50664DAF2CA4F69A00DF8049 /* DevBoxTests */ = {
			isa = PBXNativeTarget;
			buildConfigurationList = 50664DC72CA4F69A00DF8049 /* Build configuration list for PBXNativeTarget "DevBoxTests" */;
			buildPhases = (
				50664DAC2CA4F69A00DF8049 /* Sources */,
				50664DAD2CA4F69A00DF8049 /* Frameworks */,
				50664DAE2CA4F69A00DF8049 /* Resources */,
			);
			buildRules = (
			);
			dependencies = (
				50664DB22CA4F69A00DF8049 /* PBXTargetDependency */,
			);
			fileSystemSynchronizedGroups = (
				50664DB32CA4F69A00DF8049 /* DevBoxTests */,
			);
			name = DevBoxTests;
			packageProductDependencies = (
			);
			productName = DevBoxTests;
			productReference = 50664DB02CA4F69A00DF8049 /* DevBoxTests.xctest */;
			productType = "com.apple.product-type.bundle.unit-test";
		};
		50664DB92CA4F69A00DF8049 /* DevBoxUITests */ = {
			isa = PBXNativeTarget;
			buildConfigurationList = 50664DCA2CA4F69A00DF8049 /* Build configuration list for PBXNativeTarget "DevBoxUITests" */;
			buildPhases = (
				50664DB62CA4F69A00DF8049 /* Sources */,
				50664DB72CA4F69A00DF8049 /* Frameworks */,
				50664DB82CA4F69A00DF8049 /* Resources */,
			);
			buildRules = (
			);
			dependencies = (
				50664DBC2CA4F69A00DF8049 /* PBXTargetDependency */,
			);
			fileSystemSynchronizedGroups = (
				50664DBD2CA4F69A00DF8049 /* DevBoxUITests */,
			);
			name = DevBoxUITests;
			packageProductDependencies = (
			);
			productName = DevBoxUITests;
			productReference = 50664DBA2CA4F69A00DF8049 /* DevBoxUITests.xctest */;
			productType = "com.apple.product-type.bundle.ui-testing";
		};
/* End PBXNativeTarget section */

/* Begin PBXProject section */
		50664D972CA4F69800DF8049 /* Project object */ = {
			isa = PBXProject;
			attributes = {
				BuildIndependentTargetsInParallel = 1;
				LastSwiftUpdateCheck = 1600;
				LastUpgradeCheck = 1600;
				TargetAttributes = {
					50664D9E2CA4F69800DF8049 = {
						CreatedOnToolsVersion = 16.0;
					};
					50664DAF2CA4F69A00DF8049 = {
						CreatedOnToolsVersion = 16.0;
						TestTargetID = 50664D9E2CA4F69800DF8049;
					};
					50664DB92CA4F69A00DF8049 = {
						CreatedOnToolsVersion = 16.0;
						TestTargetID = 50664D9E2CA4F69800DF8049;
					};
				};
			};
			buildConfigurationList = 50664D9A2CA4F69800DF8049 /* Build configuration list for PBXProject "DevBox" */;
			developmentRegion = en;
			hasScannedForEncodings = 0;
			knownRegions = (
				en,
				Base,
			);
			mainGroup = 50664D962CA4F69800DF8049;
			minimizedProjectReferenceProxies = 1;
			preferredProjectObjectVersion = 77;
			productRefGroup = 50664DA02CA4F69800DF8049 /* Products */;
			projectDirPath = "";
			projectRoot = "";
			targets = (
				50664D9E2CA4F69800DF8049 /* DevBox */,
				50664DAF2CA4F69A00DF8049 /* DevBoxTests */,
				50664DB92CA4F69A00DF8049 /* DevBoxUITests */,
			);
		};
/* End PBXProject section */

/* Begin PBXResourcesBuildPhase section */
		50664D9D2CA4F69800DF8049 /* Resources */ = {
			isa = PBXResourcesBuildPhase;
			buildActionMask = 2147483647;
			files = (
			);
			runOnlyForDeploymentPostprocessing = 0;
		};
		50664DAE2CA4F69A00DF8049 /* Resources */ = {
			isa = PBXResourcesBuildPhase;
			buildActionMask = 2147483647;
			files = (
			);
			runOnlyForDeploymentPostprocessing = 0;
		};
		50664DB82CA4F69A00DF8049 /* Resources */ = {
			isa = PBXResourcesBuildPhase;
			buildActionMask = 2147483647;
			files = (
			);
			runOnlyForDeploymentPostprocessing = 0;
		};
/* End PBXResourcesBuildPhase section */

/* Begin PBXSourcesBuildPhase section */
		50664D9B2CA4F69800DF8049 /* Sources */ = {
			isa = PBXSourcesBuildPhase;
			buildActionMask = 2147483647;
			files = (
			);
			runOnlyForDeploymentPostprocessing = 0;
		};
		50664DAC2CA4F69A00DF8049 /* Sources */ = {
			isa = PBXSourcesBuildPhase;
			buildActionMask = 2147483647;
			files = (
			);
			runOnlyForDeploymentPostprocessing = 0;
		};
		50664DB62CA4F69A00DF8049 /* Sources */ = {
			isa = PBXSourcesBuildPhase;
			buildActionMask = 2147483647;
			files = (
			);
			runOnlyForDeploymentPostprocessing = 0;
		};
/* End PBXSourcesBuildPhase section */

/* Begin PBXTargetDependency section */
		50664DB22CA4F69A00DF8049 /* PBXTargetDependency */ = {
			isa = PBXTargetDependency;
			target = 50664D9E2CA4F69800DF8049 /* DevBox */;
			targetProxy = 50664DB12CA4F69A00DF8049 /* PBXContainerItemProxy */;
		};
		50664DBC2CA4F69A00DF8049 /* PBXTargetDependency */ = {
			isa = PBXTargetDependency;
			target = 50664D9E2CA4F69800DF8049 /* DevBox */;
			targetProxy = 50664DBB2CA4F69A00DF8049 /* PBXContainerItemProxy */;
		};
/* End PBXTargetDependency section */

/* Begin XCBuildConfiguration section */
		50664DC22CA4F69A00DF8049 /* Debug */ = {
			isa = XCBuildConfiguration;
			buildSettings = {
				ALWAYS_SEARCH_USER_PATHS = NO;
				ASSETCATALOG_COMPILER_GENERATE_SWIFT_ASSET_SYMBOL_EXTENSIONS = YES;
				CLANG_ANALYZER_NONNULL = YES;
				CLANG_ANALYZER_NUMBER_OBJECT_CONVERSION = YES_AGGRESSIVE;
				CLANG_CXX_LANGUAGE_STANDARD = "gnu++20";
				CLANG_ENABLE_MODULES = YES;
				CLANG_ENABLE_OBJC_ARC = YES;
				CLANG_ENABLE_OBJC_WEAK = YES;
				CLANG_WARN_BLOCK_CAPTURE_AUTORELEASING = YES;
				CLANG_WARN_BOOL_CONVERSION = YES;
				CLANG_WARN_COMMA = YES;
				CLANG_WARN_CONSTANT_CONVERSION = YES;
				CLANG_WARN_DEPRECATED_OBJC_IMPLEMENTATIONS = YES;
				CLANG_WARN_DIRECT_OBJC_ISA_USAGE = YES_ERROR;
				CLANG_WARN_DOCUMENTATION_COMMENTS = YES;
				CLANG_WARN_EMPTY_BODY = YES;
				CLANG_WARN_ENUM_CONVERSION = YES;
				CLANG_WARN_INFINITE_RECURSION = YES;
				CLANG_WARN_INT_CONVERSION = YES;
				CLANG_WARN_NON_LITERAL_NULL_CONVERSION = YES;
				CLANG_WARN_OBJC_IMPLICIT_RETAIN_SELF = YES;
				CLANG_WARN_OBJC_LITERAL_CONVERSION = YES;
				CLANG_WARN_OBJC_ROOT_CLASS = YES_ERROR;
				CLANG_WARN_QUOTED_INCLUDE_IN_FRAMEWORK_HEADER = YES;
				CLANG_WARN_RANGE_LOOP_ANALYSIS = YES;
				CLANG_WARN_STRICT_PROTOTYPES = YES;
				CLANG_WARN_SUSPICIOUS_MOVE = YES;
				CLANG_WARN_UNGUARDED_AVAILABILITY = YES_AGGRESSIVE;
				CLANG_WARN_UNREACHABLE_CODE = YES;
				CLANG_WARN__DUPLICATE_METHOD_MATCH = YES;
				COPY_PHASE_STRIP = NO;
				DEBUG_INFORMATION_FORMAT = dwarf;
				ENABLE_STRICT_OBJC_MSGSEND = YES;
				ENABLE_TESTABILITY = YES;
				ENABLE_USER_SCRIPT_SANDBOXING = YES;
				GCC_C_LANGUAGE_STANDARD = gnu17;
				GCC_DYNAMIC_NO_PIC = NO;
				GCC_NO_COMMON_BLOCKS = YES;
				GCC_OPTIMIZATION_LEVEL = 0;
				GCC_PREPROCESSOR_DEFINITIONS = (
					"DEBUG=1",
					"$(inherited)",
				);
				GCC_WARN_64_TO_32_BIT_CONVERSION = YES;
				GCC_WARN_ABOUT_RETURN_TYPE = YES_ERROR;
				GCC_WARN_UNDECLARED_SELECTOR = YES;
				GCC_WARN_UNINITIALIZED_AUTOS = YES_AGGRESSIVE;
				GCC_WARN_UNUSED_FUNCTION = YES;
				GCC_WARN_UNUSED_VARIABLE = YES;
				LOCALIZATION_PREFERS_STRING_CATALOGS = YES;
				MACOSX_DEPLOYMENT_TARGET = 15.0;
				MTL_ENABLE_DEBUG_INFO = INCLUDE_SOURCE;
				MTL_FAST_MATH = YES;
				ONLY_ACTIVE_ARCH = YES;
				SDKROOT = macosx;
				SWIFT_ACTIVE_COMPILATION_CONDITIONS = "DEBUG $(inherited)";
				SWIFT_OPTIMIZATION_LEVEL = "-Onone";
			};
			name = Debug;
		};
		50664DC32CA4F69A00DF8049 /* Release */ = {
			isa = XCBuildConfiguration;
			buildSettings = {
				ALWAYS_SEARCH_USER_PATHS = NO;
				ASSETCATALOG_COMPILER_GENERATE_SWIFT_ASSET_SYMBOL_EXTENSIONS = YES;
				CLANG_ANALYZER_NONNULL = YES;
				CLANG_ANALYZER_NUMBER_OBJECT_CONVERSION = YES_AGGRESSIVE;
				CLANG_CXX_LANGUAGE_STANDARD = "gnu++20";
				CLANG_ENABLE_MODULES = YES;
				CLANG_ENABLE_OBJC_ARC = YES;
				CLANG_ENABLE_OBJC_WEAK = YES;
				CLANG_WARN_BLOCK_CAPTURE_AUTORELEASING = YES;
				CLANG_WARN_BOOL_CONVERSION = YES;
				CLANG_WARN_COMMA = YES;
				CLANG_WARN_CONSTANT_CONVERSION = YES;
				CLANG_WARN_DEPRECATED_OBJC_IMPLEMENTATIONS = YES;
				CLANG_WARN_DIRECT_OBJC_ISA_USAGE = YES_ERROR;
				CLANG_WARN_DOCUMENTATION_COMMENTS = YES;
				CLANG_WARN_EMPTY_BODY = YES;
				CLANG_WARN_ENUM_CONVERSION = YES;
				CLANG_WARN_INFINITE_RECURSION = YES;
				CLANG_WARN_INT_CONVERSION = YES;
				CLANG_WARN_NON_LITERAL_NULL_CONVERSION = YES;
				CLANG_WARN_OBJC_IMPLICIT_RETAIN_SELF = YES;
				CLANG_WARN_OBJC_LITERAL_CONVERSION = YES;
				CLANG_WARN_OBJC_ROOT_CLASS = YES_ERROR;
				CLANG_WARN_QUOTED_INCLUDE_IN_FRAMEWORK_HEADER = YES;
				CLANG_WARN_RANGE_LOOP_ANALYSIS = YES;
				CLANG_WARN_STRICT_PROTOTYPES = YES;
				CLANG_WARN_SUSPICIOUS_MOVE = YES;
				CLANG_WARN_UNGUARDED_AVAILABILITY = YES_AGGRESSIVE;
				CLANG_WARN_UNREACHABLE_CODE = YES;
				CLANG_WARN__DUPLICATE_METHOD_MATCH = YES;
				COPY_PHASE_STRIP = NO;
				DEBUG_INFORMATION_FORMAT = "dwarf-with-dsym";
				ENABLE_NS_ASSERTIONS = NO;
				ENABLE_STRICT_OBJC_MSGSEND = YES;
				ENABLE_USER_SCRIPT_SANDBOXING = YES;
				GCC_C_LANGUAGE_STANDARD = gnu17;
				GCC_NO_COMMON_BLOCKS = YES;
				GCC_WARN_64_TO_32_BIT_CONVERSION = YES;
				GCC_WARN_ABOUT_RETURN_TYPE = YES_ERROR;
				GCC_WARN_UNDECLARED_SELECTOR = YES;
				GCC_WARN_UNINITIALIZED_AUTOS = YES_AGGRESSIVE;
				GCC_WARN_UNUSED_FUNCTION = YES;
				GCC_WARN_UNUSED_VARIABLE = YES;
				LOCALIZATION_PREFERS_STRING_CATALOGS = YES;
				MACOSX_DEPLOYMENT_TARGET = 15.0;
				MTL_ENABLE_DEBUG_INFO = NO;
				MTL_FAST_MATH = YES;
				SDKROOT = macosx;
				SWIFT_COMPILATION_MODE = wholemodule;
			};
			name = Release;
		};
		50664DC52CA4F69A00DF8049 /* Debug */ = {
			isa = XCBuildConfiguration;
			buildSettings = {
				ASSETCATALOG_COMPILER_APPICON_NAME = AppIcon;
				ASSETCATALOG_COMPILER_GLOBAL_ACCENT_COLOR_NAME = AccentColor;
				ASSETCATALOG_COMPILER_INCLUDE_ALL_APPICON_ASSETS = YES;
				CODE_SIGN_ENTITLEMENTS = DevBox/DevBox.entitlements;
				CODE_SIGN_STYLE = Automatic;
				COMBINE_HIDPI_IMAGES = YES;
				CURRENT_PROJECT_VERSION = 1;
				DEVELOPMENT_ASSET_PATHS = "\"DevBox/Preview Content\"";
				DEVELOPMENT_TEAM = G7286JQUD5;
				ENABLE_HARDENED_RUNTIME = YES;
				ENABLE_PREVIEWS = YES;
				GENERATE_INFOPLIST_FILE = YES;
				INFOPLIST_KEY_CFBundleDisplayName = DevBox;
				INFOPLIST_KEY_LSApplicationCategoryType = "public.app-category.developer-tools";
				INFOPLIST_KEY_LSUIElement = YES;
				INFOPLIST_KEY_NSHumanReadableCopyright = "";
				LD_RUNPATH_SEARCH_PATHS = (
					"$(inherited)",
					"@executable_path/../Frameworks",
				);
				MARKETING_VERSION = 1.0;
				PRODUCT_BUNDLE_IDENTIFIER = com.experiment.srivats.DevBox;
				PRODUCT_NAME = "$(TARGET_NAME)";
				SWIFT_EMIT_LOC_STRINGS = YES;
				SWIFT_VERSION = 5.0;
			};
			name = Debug;
		};
		50664DC62CA4F69A00DF8049 /* Release */ = {
			isa = XCBuildConfiguration;
			buildSettings = {
				ASSETCATALOG_COMPILER_APPICON_NAME = AppIcon;
				ASSETCATALOG_COMPILER_GLOBAL_ACCENT_COLOR_NAME = AccentColor;
				ASSETCATALOG_COMPILER_INCLUDE_ALL_APPICON_ASSETS = YES;
				CODE_SIGN_ENTITLEMENTS = DevBox/DevBox.entitlements;
				CODE_SIGN_STYLE = Automatic;
				COMBINE_HIDPI_IMAGES = YES;
				CURRENT_PROJECT_VERSION = 1;
				DEVELOPMENT_ASSET_PATHS = "\"DevBox/Preview Content\"";
				DEVELOPMENT_TEAM = G7286JQUD5;
				ENABLE_HARDENED_RUNTIME = YES;
				ENABLE_PREVIEWS = YES;
				GENERATE_INFOPLIST_FILE = YES;
				INFOPLIST_KEY_CFBundleDisplayName = DevBox;
				INFOPLIST_KEY_LSApplicationCategoryType = "public.app-category.developer-tools";
				INFOPLIST_KEY_LSUIElement = YES;
				INFOPLIST_KEY_NSHumanReadableCopyright = "";
				LD_RUNPATH_SEARCH_PATHS = (
					"$(inherited)",
					"@executable_path/../Frameworks",
				);
				MARKETING_VERSION = 1.0;
				PRODUCT_BUNDLE_IDENTIFIER = com.experiment.srivats.DevBox;
				PRODUCT_NAME = "$(TARGET_NAME)";
				SWIFT_EMIT_LOC_STRINGS = YES;
				SWIFT_VERSION = 5.0;
			};
			name = Release;
		};
		50664DC82CA4F69A00DF8049 /* Debug */ = {
			isa = XCBuildConfiguration;
			buildSettings = {
				BUNDLE_LOADER = "$(TEST_HOST)";
				CODE_SIGN_STYLE = Automatic;
				CURRENT_PROJECT_VERSION = 1;
				DEVELOPMENT_TEAM = G7286JQUD5;
				GENERATE_INFOPLIST_FILE = YES;
				MACOSX_DEPLOYMENT_TARGET = 15.0;
				MARKETING_VERSION = 1.0;
				PRODUCT_BUNDLE_IDENTIFIER = com.experiment.srivats.DevBoxTests;
				PRODUCT_NAME = "$(TARGET_NAME)";
				SWIFT_EMIT_LOC_STRINGS = NO;
				SWIFT_VERSION = 5.0;
				TEST_HOST = "$(BUILT_PRODUCTS_DIR)/DevBox.app/$(BUNDLE_EXECUTABLE_FOLDER_PATH)/DevBox";
			};
			name = Debug;
		};
		50664DC92CA4F69A00DF8049 /* Release */ = {
			isa = XCBuildConfiguration;
			buildSettings = {
				BUNDLE_LOADER = "$(TEST_HOST)";
				CODE_SIGN_STYLE = Automatic;
				CURRENT_PROJECT_VERSION = 1;
				DEVELOPMENT_TEAM = G7286JQUD5;
				GENERATE_INFOPLIST_FILE = YES;
				MACOSX_DEPLOYMENT_TARGET = 15.0;
				MARKETING_VERSION = 1.0;
				PRODUCT_BUNDLE_IDENTIFIER = com.experiment.srivats.DevBoxTests;
				PRODUCT_NAME = "$(TARGET_NAME)";
				SWIFT_EMIT_LOC_STRINGS = NO;
				SWIFT_VERSION = 5.0;
				TEST_HOST = "$(BUILT_PRODUCTS_DIR)/DevBox.app/$(BUNDLE_EXECUTABLE_FOLDER_PATH)/DevBox";
			};
			name = Release;
		};
		50664DCB2CA4F69A00DF8049 /* Debug */ = {
			isa = XCBuildConfiguration;
			buildSettings = {
				CODE_SIGN_STYLE = Automatic;
				CURRENT_PROJECT_VERSION = 1;
				DEVELOPMENT_TEAM = G7286JQUD5;
				GENERATE_INFOPLIST_FILE = YES;
				MARKETING_VERSION = 1.0;
				PRODUCT_BUNDLE_IDENTIFIER = com.experiment.srivats.DevBoxUITests;
				PRODUCT_NAME = "$(TARGET_NAME)";
				SWIFT_EMIT_LOC_STRINGS = NO;
				SWIFT_VERSION = 5.0;
				TEST_TARGET_NAME = DevBox;
			};
			name = Debug;
		};
		50664DCC2CA4F69A00DF8049 /* Release */ = {
			isa = XCBuildConfiguration;
			buildSettings = {
				CODE_SIGN_STYLE = Automatic;
				CURRENT_PROJECT_VERSION = 1;
				DEVELOPMENT_TEAM = G7286JQUD5;
				GENERATE_INFOPLIST_FILE = YES;
				MARKETING_VERSION = 1.0;
				PRODUCT_BUNDLE_IDENTIFIER = com.experiment.srivats.DevBoxUITests;
				PRODUCT_NAME = "$(TARGET_NAME)";
				SWIFT_EMIT_LOC_STRINGS = NO;
				SWIFT_VERSION = 5.0;
				TEST_TARGET_NAME = DevBox;
			};
			name = Release;
		};
/* End XCBuildConfiguration section */

/* Begin XCConfigurationList section */
		50664D9A2CA4F69800DF8049 /* Build configuration list for PBXProject "DevBox" */ = {
			isa = XCConfigurationList;
			buildConfigurations = (
				50664DC22CA4F69A00DF8049 /* Debug */,
				50664DC32CA4F69A00DF8049 /* Release */,
			);
			defaultConfigurationIsVisible = 0;
			defaultConfigurationName = Release;
		};
		50664DC42CA4F69A00DF8049 /* Build configuration list for PBXNativeTarget "DevBox" */ = {
			isa = XCConfigurationList;
			buildConfigurations = (
				50664DC52CA4F69A00DF8049 /* Debug */,
				50664DC62CA4F69A00DF8049 /* Release */,
			);
			defaultConfigurationIsVisible = 0;
			defaultConfigurationName = Release;
		};
		50664DC72CA4F69A00DF8049 /* Build configuration list for PBXNativeTarget "DevBoxTests" */ = {
			isa = XCConfigurationList;
			buildConfigurations = (
				50664DC82CA4F69A00DF8049 /* Debug */,
				50664DC92CA4F69A00DF8049 /* Release */,
			);
			defaultConfigurationIsVisible = 0;
			defaultConfigurationName = Release;
		};
		50664DCA2CA4F69A00DF8049 /* Build configuration list for PBXNativeTarget "DevBoxUITests" */ = {
			isa = XCConfigurationList;
			buildConfigurations = (
				50664DCB2CA4F69A00DF8049 /* Debug */,
				50664DCC2CA4F69A00DF8049 /* Release */,
			);
			defaultConfigurationIsVisible = 0;
			defaultConfigurationName = Release;
		};
/* End XCConfigurationList section */
	};
	rootObject = 50664D972CA4F69800DF8049 /* Project object */;
}
